
Microsoft Visual Studio Solution File, Format Version 12.00
# Visual Studio Version 17
VisualStudioVersion = 17.0.31903.59
MinimumVisualStudioVersion = 10.0.40219.1
Project("{F2A71F9B-5D33-465A-A702-920D77279786}") = "Task1", "Task1\Task1.fsproj", "{BA373F90-A26D-4157-8220-B8713890FEDE}"
EndProject
Project("{F2A71F9B-5D33-465A-A702-920D77279786}") = "Task1.Tests", "Task1.Tests\Task1.Tests.fsproj", "{69C87F0F-FB33-46A9-968E-74B2B34CFAA2}"
EndProject
Global
	GlobalSection(SolutionConfigurationPlatforms) = preSolution
		Debug|Any CPU = Debug|Any CPU
		Release|Any CPU = Release|Any CPU
	EndGlobalSection
	GlobalSection(SolutionProperties) = preSolution
		HideSolutionNode = FALSE
	EndGlobalSection
	GlobalSection(ProjectConfigurationPlatforms) = postSolution
		{BA373F90-A26D-4157-8220-B8713890FEDE}.Debug|Any CPU.ActiveCfg = Debug|Any CPU
		{BA373F90-A26D-4157-8220-B8713890FEDE}.Debug|Any CPU.Build.0 = Debug|Any CPU
		{BA373F90-A26D-4157-8220-B8713890FEDE}.Release|Any CPU.ActiveCfg = Release|Any CPU
		{BA373F90-A26D-4157-8220-B8713890FEDE}.Release|Any CPU.Build.0 = Release|Any CPU
		{69C87F0F-FB33-46A9-968E-74B2B34CFAA2}.Debug|Any CPU.ActiveCfg = Debug|Any CPU
		{69C87F0F-FB33-46A9-968E-74B2B34CFAA2}.Debug|Any CPU.Build.0 = Debug|Any CPU
		{69C87F0F-FB33-46A9-968E-74B2B34CFAA2}.Release|Any CPU.ActiveCfg = Release|Any CPU
		{69C87F0F-FB33-46A9-968E-74B2B34CFAA2}.Release|Any CPU.Build.0 = Release|Any CPU
	EndGlobalSection
EndGlobal
